
Microsoft Visual Studio Solution File, Format Version 12.00
# Visual Studio 2013
VisualStudioVersion = 12.0.21005.1
MinimumVisualStudioVersion = 10.0.40219.1
Project("{FAE04EC0-301F-11D3-BF4B-00C04F79EFBC}") = "WebAPIProject", "WebAPIProject\WebAPIProject.csproj", "{9B1E9A1C-3CE8-4545-A438-D5D4DE27A43B}"
EndProject
Project("{FAE04EC0-301F-11D3-BF4B-00C04F79EFBC}") = "ClientApplication", "ClientApplication\ClientApplication.csproj", "{0C57FC9E-E88B-4135-839F-0E58F989C9E8}"
	ProjectSection(ProjectDependencies) = postProject
		{9B1E9A1C-3CE8-4545-A438-D5D4DE27A43B} = {9B1E9A1C-3CE8-4545-A438-D5D4DE27A43B}
	EndProjectSection
EndProject
Project("{FAE04EC0-301F-11D3-BF4B-00C04F79EFBC}") = "DataAccess", "DataAccess\DataAccess.csproj", "{001114D5-4B9A-4BE7-B2A6-683907A3EFBC}"
EndProject
Global
	GlobalSection(SolutionConfigurationPlatforms) = preSolution
		Debug|Any CPU = Debug|Any CPU
		Release|Any CPU = Release|Any CPU
	EndGlobalSection
	GlobalSection(ProjectConfigurationPlatforms) = postSolution
		{9B1E9A1C-3CE8-4545-A438-D5D4DE27A43B}.Debug|Any CPU.ActiveCfg = Debug|Any CPU
		{9B1E9A1C-3CE8-4545-A438-D5D4DE27A43B}.Debug|Any CPU.Build.0 = Debug|Any CPU
		{9B1E9A1C-3CE8-4545-A438-D5D4DE27A43B}.Release|Any CPU.ActiveCfg = Release|Any CPU
		{9B1E9A1C-3CE8-4545-A438-D5D4DE27A43B}.Release|Any CPU.Build.0 = Release|Any CPU
		{0C57FC9E-E88B-4135-839F-0E58F989C9E8}.Debug|Any CPU.ActiveCfg = Debug|Any CPU
		{0C57FC9E-E88B-4135-839F-0E58F989C9E8}.Debug|Any CPU.Build.0 = Debug|Any CPU
		{0C57FC9E-E88B-4135-839F-0E58F989C9E8}.Release|Any CPU.ActiveCfg = Release|Any CPU
		{0C57FC9E-E88B-4135-839F-0E58F989C9E8}.Release|Any CPU.Build.0 = Release|Any CPU
		{001114D5-4B9A-4BE7-B2A6-683907A3EFBC}.Debug|Any CPU.ActiveCfg = Debug|Any CPU
		{001114D5-4B9A-4BE7-B2A6-683907A3EFBC}.Debug|Any CPU.Build.0 = Debug|Any CPU
		{001114D5-4B9A-4BE7-B2A6-683907A3EFBC}.Release|Any CPU.ActiveCfg = Release|Any CPU
		{001114D5-4B9A-4BE7-B2A6-683907A3EFBC}.Release|Any CPU.Build.0 = Release|Any CPU
	EndGlobalSection
	GlobalSection(SolutionProperties) = preSolution
		HideSolutionNode = FALSE
	EndGlobalSection
EndGlobal
